
Microsoft Visual Studio Solution File, Format Version 12.00
# Visual Studio Version 17
VisualStudioVersion = 17.14.36203.30
MinimumVisualStudioVersion = 10.0.40219.1
Project("{FAE04EC0-301F-11D3-BF4B-00C04F79EFBC}") = "BlazorAzureAdLogin", "BlazorAzureAdLogin\BlazorAzureAdLogin.csproj", "{B68F4E5E-4F10-43A0-95BB-99F0774410C7}"
EndProject
Project("{FAE04EC0-301F-11D3-BF4B-00C04F79EFBC}") = "ComponentToggle", "ComponentToggle\ComponentToggle.csproj", "{EF413765-C215-41D1-88A5-5A76029D9D85}"
EndProject
Project("{FAE04EC0-301F-11D3-BF4B-00C04F79EFBC}") = "ProcessExcelDemo", "ProcessExcelDemo\ProcessExcelDemo.csproj", "{100C7C9F-D764-4D9D-A4A8-6A64BA7AB73D}"
EndProject
Project("{FAE04EC0-301F-11D3-BF4B-00C04F79EFBC}") = "BlazorKeyVaultDemo", "BlazorKeyVaultDemo\BlazorKeyVaultDemo.csproj", "{9BE22B89-1ADE-42F7-80C1-A91F891A5B37}"
EndProject
Global
	GlobalSection(SolutionConfigurationPlatforms) = preSolution
		Debug|Any CPU = Debug|Any CPU
		Release|Any CPU = Release|Any CPU
	EndGlobalSection
	GlobalSection(ProjectConfigurationPlatforms) = postSolution
		{B68F4E5E-4F10-43A0-95BB-99F0774410C7}.Debug|Any CPU.ActiveCfg = Debug|Any CPU
		{B68F4E5E-4F10-43A0-95BB-99F0774410C7}.Debug|Any CPU.Build.0 = Debug|Any CPU
		{B68F4E5E-4F10-43A0-95BB-99F0774410C7}.Release|Any CPU.ActiveCfg = Release|Any CPU
		{B68F4E5E-4F10-43A0-95BB-99F0774410C7}.Release|Any CPU.Build.0 = Release|Any CPU
		{EF413765-C215-41D1-88A5-5A76029D9D85}.Debug|Any CPU.ActiveCfg = Debug|Any CPU
		{EF413765-C215-41D1-88A5-5A76029D9D85}.Debug|Any CPU.Build.0 = Debug|Any CPU
		{EF413765-C215-41D1-88A5-5A76029D9D85}.Release|Any CPU.ActiveCfg = Release|Any CPU
		{EF413765-C215-41D1-88A5-5A76029D9D85}.Release|Any CPU.Build.0 = Release|Any CPU
		{100C7C9F-D764-4D9D-A4A8-6A64BA7AB73D}.Debug|Any CPU.ActiveCfg = Debug|Any CPU
		{100C7C9F-D764-4D9D-A4A8-6A64BA7AB73D}.Debug|Any CPU.Build.0 = Debug|Any CPU
		{100C7C9F-D764-4D9D-A4A8-6A64BA7AB73D}.Release|Any CPU.ActiveCfg = Release|Any CPU
		{100C7C9F-D764-4D9D-A4A8-6A64BA7AB73D}.Release|Any CPU.Build.0 = Release|Any CPU
		{9BE22B89-1ADE-42F7-80C1-A91F891A5B37}.Debug|Any CPU.ActiveCfg = Debug|Any CPU
		{9BE22B89-1ADE-42F7-80C1-A91F891A5B37}.Debug|Any CPU.Build.0 = Debug|Any CPU
		{9BE22B89-1ADE-42F7-80C1-A91F891A5B37}.Release|Any CPU.ActiveCfg = Release|Any CPU
		{9BE22B89-1ADE-42F7-80C1-A91F891A5B37}.Release|Any CPU.Build.0 = Release|Any CPU
	EndGlobalSection
	GlobalSection(SolutionProperties) = preSolution
		HideSolutionNode = FALSE
	EndGlobalSection
	GlobalSection(ExtensibilityGlobals) = postSolution
		SolutionGuid = {249EB52E-3092-4949-BDE6-A483F85E1AA2}
	EndGlobalSection
EndGlobal
